{
  "name": "coba-package",
  "version": "1.0.0",
  "lockfileVersion": 3,
  "requires": true,
  "packages": {
    "": {
      "name": "coba-package",
      "version": "1.0.0",
      "license": "ISC",
      "dependencies": {
        "greet-asep": "^1.0.3",
        "lodash": "^4.17.21"
      }
    },
    "node_modules/greet-asep": {
      "version": "1.0.3",
      "resolved": "https://registry.npmjs.org/greet-asep/-/greet-asep-1.0.3.tgz",
      "integrity": "sha512-K9ES6dIofcEtAL3gLJOVnTnX2ufWwdXm1Wig3+T7/YS34Bg/JUUso8TtkthgLoz1SIPy/HsJwfpHdndlqMWEJQ==",
      "dependencies": {
        "upper-case": "^2.0.2"
      }
    },
    "node_modules/lodash": {
      "version": "4.17.21",
      "resolved": "https://registry.npmjs.org/lodash/-/lodash-4.17.21.tgz",
      "integrity": "sha512-v2kDEe57lecTulaDIuNTPy3Ry4gLGJ6Z1O3vE1krgXZNrsQ+LFTGHVxVjcXPs17LhbZVGedAJv8XZ1tvj5FvSg=="
    },
    "node_modules/tslib": {
      "version": "2.5.3",
      "resolved": "https://registry.npmjs.org/tslib/-/tslib-2.5.3.tgz",
      "integrity": "sha512-mSxlJJwl3BMEQCUNnxXBU9jP4JBktcEGhURcPR6VQVlnP0FdDEsIaz0C35dXNGLyRfrATNofF0F5p2KPxQgB+w=="
    },
    "node_modules/upper-case": {
      "version": "2.0.2",
      "resolved": "https://registry.npmjs.org/upper-case/-/upper-case-2.0.2.tgz",
      "integrity": "sha512-KgdgDGJt2TpuwBUIjgG6lzw2GWFRCW9Qkfkiv0DxqHHLYJHmtmdUIKcZd8rHgFSjopVTlw6ggzCm1b8MFQwikg==",
      "dependencies": {
        "tslib": "^2.0.3"
      }
    }
  }
}
